
Microsoft Visual Studio Solution File, Format Version 12.00
# Visual Studio Version 16
VisualStudioVersion = 16.0.31624.102
MinimumVisualStudioVersion = 10.0.40219.1
Project("{FAE04EC0-301F-11D3-BF4B-00C04F79EFBC}") = "CollectionsConsoleApp1", "CollectionsConsoleApp1\CollectionsConsoleApp1.csproj", "{C98268FA-B5E2-4B90-8E04-B07A57FBB8AD}"
EndProject
Global
	GlobalSection(SolutionConfigurationPlatforms) = preSolution
		Debug|Any CPU = Debug|Any CPU
		Release|Any CPU = Release|Any CPU
	EndGlobalSection
	GlobalSection(ProjectConfigurationPlatforms) = postSolution
		{C98268FA-B5E2-4B90-8E04-B07A57FBB8AD}.Debug|Any CPU.ActiveCfg = Debug|Any CPU
		{C98268FA-B5E2-4B90-8E04-B07A57FBB8AD}.Debug|Any CPU.Build.0 = Debug|Any CPU
		{C98268FA-B5E2-4B90-8E04-B07A57FBB8AD}.Release|Any CPU.ActiveCfg = Release|Any CPU
		{C98268FA-B5E2-4B90-8E04-B07A57FBB8AD}.Release|Any CPU.Build.0 = Release|Any CPU
	EndGlobalSection
	GlobalSection(SolutionProperties) = preSolution
		HideSolutionNode = FALSE
	EndGlobalSection
	GlobalSection(ExtensibilityGlobals) = postSolution
		SolutionGuid = {F1303B99-050C-4031-8438-F7EE8794BB38}
	EndGlobalSection
EndGlobal
